
Microsoft Visual Studio Solution File, Format Version 12.00
# Visual Studio Version 17
VisualStudioVersion = 17.14.36518.9 d17.14
MinimumVisualStudioVersion = 10.0.40219.1
Project("{FAE04EC0-301F-11D3-BF4B-00C04F79EFBC}") = "WpfApp1", "WpfApp1.csproj", "{BE559B47-28D1-4553-8E0B-9DE508DCC2FB}"
EndProject
Global
	GlobalSection(SolutionConfigurationPlatforms) = preSolution
		Debug|Any CPU = Debug|Any CPU
		Release|Any CPU = Release|Any CPU
	EndGlobalSection
	GlobalSection(ProjectConfigurationPlatforms) = postSolution
		{BE559B47-28D1-4553-8E0B-9DE508DCC2FB}.Debug|Any CPU.ActiveCfg = Debug|Any CPU
		{BE559B47-28D1-4553-8E0B-9DE508DCC2FB}.Debug|Any CPU.Build.0 = Debug|Any CPU
		{BE559B47-28D1-4553-8E0B-9DE508DCC2FB}.Release|Any CPU.ActiveCfg = Release|Any CPU
		{BE559B47-28D1-4553-8E0B-9DE508DCC2FB}.Release|Any CPU.Build.0 = Release|Any CPU
	EndGlobalSection
	GlobalSection(SolutionProperties) = preSolution
		HideSolutionNode = FALSE
	EndGlobalSection
	GlobalSection(ExtensibilityGlobals) = postSolution
		SolutionGuid = {67E75207-9C7A-4E90-A0A3-A64BD22463AA}
	EndGlobalSection
EndGlobal
